// !$*UTF8*$!
{
	archiveVersion = 1;
	classes = {
	};
	objectVersion = 50;
	objects = {

/* Begin PBXBuildFile section */
		493EB7DB25BB67CF0030A1CD /* HWS_100_SwiftUI_Project05_WordScrambleApp.swift in Sources */ = {isa = PBXBuildFile; fileRef = 493EB7DA25BB67CF0030A1CD /* HWS_100_SwiftUI_Project05_WordScrambleApp.swift */; };
		493EB7DD25BB67CF0030A1CD /* ContentView.swift in Sources */ = {isa = PBXBuildFile; fileRef = 493EB7DC25BB67CF0030A1CD /* ContentView.swift */; };
		493EB7DF25BB67D30030A1CD /* Assets.xcassets in Resources */ = {isa = PBXBuildFile; fileRef = 493EB7DE25BB67D30030A1CD /* Assets.xcassets */; };
		493EB7E225BB67D30030A1CD /* Preview Assets.xcassets in Resources */ = {isa = PBXBuildFile; fileRef = 493EB7E125BB67D30030A1CD /* Preview Assets.xcassets */; };
		49657BFA25BCAD17004F577C /* start.txt in Resources */ = {isa = PBXBuildFile; fileRef = 49657BF925BCAD17004F577C /* start.txt */; };
/* End PBXBuildFile section */

/* Begin PBXFileReference section */
		493EB7D725BB67CF0030A1CD /* HWS_100_SwiftUI_Project05_WordScramble.app */ = {isa = PBXFileReference; explicitFileType = wrapper.application; includeInIndex = 0; path = HWS_100_SwiftUI_Project05_WordScramble.app; sourceTree = BUILT_PRODUCTS_DIR; };
		493EB7DA25BB67CF0030A1CD /* HWS_100_SwiftUI_Project05_WordScrambleApp.swift */ = {isa = PBXFileReference; lastKnownFileType = sourcecode.swift; path = HWS_100_SwiftUI_Project05_WordScrambleApp.swift; sourceTree = "<group>"; };
		493EB7DC25BB67CF0030A1CD /* ContentView.swift */ = {isa = PBXFileReference; lastKnownFileType = sourcecode.swift; path = ContentView.swift; sourceTree = "<group>"; };
		493EB7DE25BB67D30030A1CD /* Assets.xcassets */ = {isa = PBXFileReference; lastKnownFileType = folder.assetcatalog; path = Assets.xcassets; sourceTree = "<group>"; };
		493EB7E125BB67D30030A1CD /* Preview Assets.xcassets */ = {isa = PBXFileReference; lastKnownFileType = folder.assetcatalog; path = "Preview Assets.xcassets"; sourceTree = "<group>"; };
		493EB7E325BB67D30030A1CD /* Info.plist */ = {isa = PBXFileReference; lastKnownFileType = text.plist.xml; path = Info.plist; sourceTree = "<group>"; };
		49657BF925BCAD17004F577C /* start.txt */ = {isa = PBXFileReference; fileEncoding = 4; lastKnownFileType = text; path = start.txt; sourceTree = "<group>"; };
/* End PBXFileReference section */

/* Begin PBXFrameworksBuildPhase section */
		493EB7D425BB67CF0030A1CD /* Frameworks */ = {
			isa = PBXFrameworksBuildPhase;
			buildActionMask = 2147483647;
			files = (
			);
			runOnlyForDeploymentPostprocessing = 0;
		};
/* End PBXFrameworksBuildPhase section */

/* Begin PBXGroup section */
		493EB7CE25BB67CF0030A1CD = {
			isa = PBXGroup;
			children = (
				493EB7D925BB67CF0030A1CD /* HWS_100_SwiftUI_Project05_WordScramble */,
				493EB7D825BB67CF0030A1CD /* Products */,
			);
			sourceTree = "<group>";
		};
		493EB7D825BB67CF0030A1CD /* Products */ = {
			isa = PBXGroup;
			children = (
				493EB7D725BB67CF0030A1CD /* HWS_100_SwiftUI_Project05_WordScramble.app */,
			);
			name = Products;
			sourceTree = "<group>";
		};
		493EB7D925BB67CF0030A1CD /* HWS_100_SwiftUI_Project05_WordScramble */ = {
			isa = PBXGroup;
			children = (
				49657BF925BCAD17004F577C /* start.txt */,
				493EB7DA25BB67CF0030A1CD /* HWS_100_SwiftUI_Project05_WordScrambleApp.swift */,
				493EB7DC25BB67CF0030A1CD /* ContentView.swift */,
				493EB7DE25BB67D30030A1CD /* Assets.xcassets */,
				493EB7E325BB67D30030A1CD /* Info.plist */,
				493EB7E025BB67D30030A1CD /* Preview Content */,
			);
			path = HWS_100_SwiftUI_Project05_WordScramble;
			sourceTree = "<group>";
		};
		493EB7E025BB67D30030A1CD /* Preview Content */ = {
			isa = PBXGroup;
			children = (
				493EB7E125BB67D30030A1CD /* Preview Assets.xcassets */,
			);
			path = "Preview Content";
			sourceTree = "<group>";
		};
/* End PBXGroup section */

/* Begin PBXNativeTarget section */
		493EB7D625BB67CF0030A1CD /* HWS_100_SwiftUI_Project05_WordScramble */ = {
			isa = PBXNativeTarget;
			buildConfigurationList = 493EB7E625BB67D30030A1CD /* Build configuration list for PBXNativeTarget "HWS_100_SwiftUI_Project05_WordScramble" */;
			buildPhases = (
				493EB7D325BB67CF0030A1CD /* Sources */,
				493EB7D425BB67CF0030A1CD /* Frameworks */,
				493EB7D525BB67CF0030A1CD /* Resources */,
			);
			buildRules = (
			);
			dependencies = (
			);
			name = HWS_100_SwiftUI_Project05_WordScramble;
			productName = HWS_100_SwiftUI_Project05_WordScramble;
			productReference = 493EB7D725BB67CF0030A1CD /* HWS_100_SwiftUI_Project05_WordScramble.app */;
			productType = "com.apple.product-type.application";
		};
/* End PBXNativeTarget section */

/* Begin PBXProject section */
		493EB7CF25BB67CF0030A1CD /* Project object */ = {
			isa = PBXProject;
			attributes = {
				LastSwiftUpdateCheck = 1230;
				LastUpgradeCheck = 1230;
				TargetAttributes = {
					493EB7D625BB67CF0030A1CD = {
						CreatedOnToolsVersion = 12.3;
					};
				};
			};
			buildConfigurationList = 493EB7D225BB67CF0030A1CD /* Build configuration list for PBXProject "HWS_100_SwiftUI_Project05_WordScramble" */;
			compatibilityVersion = "Xcode 9.3";
			developmentRegion = en;
			hasScannedForEncodings = 0;
			knownRegions = (
				en,
				Base,
			);
			mainGroup = 493EB7CE25BB67CF0030A1CD;
			productRefGroup = 493EB7D825BB67CF0030A1CD /* Products */;
			projectDirPath = "";
			projectRoot = "";
			targets = (
				493EB7D625BB67CF0030A1CD /* HWS_100_SwiftUI_Project05_WordScramble */,
			);
		};
/* End PBXProject section */

/* Begin PBXResourcesBuildPhase section */
		493EB7D525BB67CF0030A1CD /* Resources */ = {
			isa = PBXResourcesBuildPhase;
			buildActionMask = 2147483647;
			files = (
				493EB7E225BB67D30030A1CD /* Preview Assets.xcassets in Resources */,
				49657BFA25BCAD17004F577C /* start.txt in Resources */,
				493EB7DF25BB67D30030A1CD /* Assets.xcassets in Resources */,
			);
			runOnlyForDeploymentPostprocessing = 0;
		};
/* End PBXResourcesBuildPhase section */

/* Begin PBXSourcesBuildPhase section */
		493EB7D325BB67CF0030A1CD /* Sources */ = {
			isa = PBXSourcesBuildPhase;
			buildActionMask = 2147483647;
			files = (
				493EB7DD25BB67CF0030A1CD /* ContentView.swift in Sources */,
				493EB7DB25BB67CF0030A1CD /* HWS_100_SwiftUI_Project05_WordScrambleApp.swift in Sources */,
			);
			runOnlyForDeploymentPostprocessing = 0;
		};
/* End PBXSourcesBuildPhase section */

/* Begin XCBuildConfiguration section */
		493EB7E425BB67D30030A1CD /* Debug */ = {
			isa = XCBuildConfiguration;
			buildSettings = {
				ALWAYS_SEARCH_USER_PATHS = NO;
				CLANG_ANALYZER_NONNULL = YES;
				CLANG_ANALYZER_NUMBER_OBJECT_CONVERSION = YES_AGGRESSIVE;
				CLANG_CXX_LANGUAGE_STANDARD = "gnu++14";
				CLANG_CXX_LIBRARY = "libc++";
				CLANG_ENABLE_MODULES = YES;
				CLANG_ENABLE_OBJC_ARC = YES;
				CLANG_ENABLE_OBJC_WEAK = YES;
				CLANG_WARN_BLOCK_CAPTURE_AUTORELEASING = YES;
				CLANG_WARN_BOOL_CONVERSION = YES;
				CLANG_WARN_COMMA = YES;
				CLANG_WARN_CONSTANT_CONVERSION = YES;
				CLANG_WARN_DEPRECATED_OBJC_IMPLEMENTATIONS = YES;
				CLANG_WARN_DIRECT_OBJC_ISA_USAGE = YES_ERROR;
				CLANG_WARN_DOCUMENTATION_COMMENTS = YES;
				CLANG_WARN_EMPTY_BODY = YES;
				CLANG_WARN_ENUM_CONVERSION = YES;
				CLANG_WARN_INFINITE_RECURSION = YES;
				CLANG_WARN_INT_CONVERSION = YES;
				CLANG_WARN_NON_LITERAL_NULL_CONVERSION = YES;
				CLANG_WARN_OBJC_IMPLICIT_RETAIN_SELF = YES;
				CLANG_WARN_OBJC_LITERAL_CONVERSION = YES;
				CLANG_WARN_OBJC_ROOT_CLASS = YES_ERROR;
				CLANG_WARN_QUOTED_INCLUDE_IN_FRAMEWORK_HEADER = YES;
				CLANG_WARN_RANGE_LOOP_ANALYSIS = YES;
				CLANG_WARN_STRICT_PROTOTYPES = YES;
				CLANG_WARN_SUSPICIOUS_MOVE = YES;
				CLANG_WARN_UNGUARDED_AVAILABILITY = YES_AGGRESSIVE;
				CLANG_WARN_UNREACHABLE_CODE = YES;
				CLANG_WARN__DUPLICATE_METHOD_MATCH = YES;
				COPY_PHASE_STRIP = NO;
				DEBUG_INFORMATION_FORMAT = dwarf;
				ENABLE_STRICT_OBJC_MSGSEND = YES;
				ENABLE_TESTABILITY = YES;
				GCC_C_LANGUAGE_STANDARD = gnu11;
				GCC_DYNAMIC_NO_PIC = NO;
				GCC_NO_COMMON_BLOCKS = YES;
				GCC_OPTIMIZATION_LEVEL = 0;
				GCC_PREPROCESSOR_DEFINITIONS = (
					"DEBUG=1",
					"$(inherited)",
				);
				GCC_WARN_64_TO_32_BIT_CONVERSION = YES;
				GCC_WARN_ABOUT_RETURN_TYPE = YES_ERROR;
				GCC_WARN_UNDECLARED_SELECTOR = YES;
				GCC_WARN_UNINITIALIZED_AUTOS = YES_AGGRESSIVE;
				GCC_WARN_UNUSED_FUNCTION = YES;
				GCC_WARN_UNUSED_VARIABLE = YES;
				IPHONEOS_DEPLOYMENT_TARGET = 14.3;
				MTL_ENABLE_DEBUG_INFO = INCLUDE_SOURCE;
				MTL_FAST_MATH = YES;
				ONLY_ACTIVE_ARCH = YES;
				SDKROOT = iphoneos;
				SWIFT_ACTIVE_COMPILATION_CONDITIONS = DEBUG;
				SWIFT_OPTIMIZATION_LEVEL = "-Onone";
			};
			name = Debug;
		};
		493EB7E525BB67D30030A1CD /* Release */ = {
			isa = XCBuildConfiguration;
			buildSettings = {
				ALWAYS_SEARCH_USER_PATHS = NO;
				CLANG_ANALYZER_NONNULL = YES;
				CLANG_ANALYZER_NUMBER_OBJECT_CONVERSION = YES_AGGRESSIVE;
				CLANG_CXX_LANGUAGE_STANDARD = "gnu++14";
				CLANG_CXX_LIBRARY = "libc++";
				CLANG_ENABLE_MODULES = YES;
				CLANG_ENABLE_OBJC_ARC = YES;
				CLANG_ENABLE_OBJC_WEAK = YES;
				CLANG_WARN_BLOCK_CAPTURE_AUTORELEASING = YES;
				CLANG_WARN_BOOL_CONVERSION = YES;
				CLANG_WARN_COMMA = YES;
				CLANG_WARN_CONSTANT_CONVERSION = YES;
				CLANG_WARN_DEPRECATED_OBJC_IMPLEMENTATIONS = YES;
				CLANG_WARN_DIRECT_OBJC_ISA_USAGE = YES_ERROR;
				CLANG_WARN_DOCUMENTATION_COMMENTS = YES;
				CLANG_WARN_EMPTY_BODY = YES;
				CLANG_WARN_ENUM_CONVERSION = YES;
				CLANG_WARN_INFINITE_RECURSION = YES;
				CLANG_WARN_INT_CONVERSION = YES;
				CLANG_WARN_NON_LITERAL_NULL_CONVERSION = YES;
				CLANG_WARN_OBJC_IMPLICIT_RETAIN_SELF = YES;
				CLANG_WARN_OBJC_LITERAL_CONVERSION = YES;
				CLANG_WARN_OBJC_ROOT_CLASS = YES_ERROR;
				CLANG_WARN_QUOTED_INCLUDE_IN_FRAMEWORK_HEADER = YES;
				CLANG_WARN_RANGE_LOOP_ANALYSIS = YES;
				CLANG_WARN_STRICT_PROTOTYPES = YES;
				CLANG_WARN_SUSPICIOUS_MOVE = YES;
				CLANG_WARN_UNGUARDED_AVAILABILITY = YES_AGGRESSIVE;
				CLANG_WARN_UNREACHABLE_CODE = YES;
				CLANG_WARN__DUPLICATE_METHOD_MATCH = YES;
				COPY_PHASE_STRIP = NO;
				DEBUG_INFORMATION_FORMAT = "dwarf-with-dsym";
				ENABLE_NS_ASSERTIONS = NO;
				ENABLE_STRICT_OBJC_MSGSEND = YES;
				GCC_C_LANGUAGE_STANDARD = gnu11;
				GCC_NO_COMMON_BLOCKS = YES;
				GCC_WARN_64_TO_32_BIT_CONVERSION = YES;
				GCC_WARN_ABOUT_RETURN_TYPE = YES_ERROR;
				GCC_WARN_UNDECLARED_SELECTOR = YES;
				GCC_WARN_UNINITIALIZED_AUTOS = YES_AGGRESSIVE;
				GCC_WARN_UNUSED_FUNCTION = YES;
				GCC_WARN_UNUSED_VARIABLE = YES;
				IPHONEOS_DEPLOYMENT_TARGET = 14.3;
				MTL_ENABLE_DEBUG_INFO = NO;
				MTL_FAST_MATH = YES;
				SDKROOT = iphoneos;
				SWIFT_COMPILATION_MODE = wholemodule;
				SWIFT_OPTIMIZATION_LEVEL = "-O";
				VALIDATE_PRODUCT = YES;
			};
			name = Release;
		};
		493EB7E725BB67D30030A1CD /* Debug */ = {
			isa = XCBuildConfiguration;
			buildSettings = {
				ASSETCATALOG_COMPILER_APPICON_NAME = AppIcon;
				ASSETCATALOG_COMPILER_GLOBAL_ACCENT_COLOR_NAME = AccentColor;
				CODE_SIGN_STYLE = Automatic;
				DEVELOPMENT_ASSET_PATHS = "\"HWS_100_SwiftUI_Project05_WordScramble/Preview Content\"";
				DEVELOPMENT_TEAM = 78E2YLMF54;
				ENABLE_PREVIEWS = YES;
				INFOPLIST_FILE = HWS_100_SwiftUI_Project05_WordScramble/Info.plist;
				IPHONEOS_DEPLOYMENT_TARGET = 14.0;
				LD_RUNPATH_SEARCH_PATHS = (
					"$(inherited)",
					"@executable_path/Frameworks",
				);
				PRODUCT_BUNDLE_IDENTIFIER = "com.stevenblythe.HWS-100-SwiftUI-Project05-WordScramble";
				PRODUCT_NAME = "$(TARGET_NAME)";
				SWIFT_VERSION = 5.0;
				TARGETED_DEVICE_FAMILY = "1,2";
			};
			name = Debug;
		};
		493EB7E825BB67D30030A1CD /* Release */ = {
			isa = XCBuildConfiguration;
			buildSettings = {
				ASSETCATALOG_COMPILER_APPICON_NAME = AppIcon;
				ASSETCATALOG_COMPILER_GLOBAL_ACCENT_COLOR_NAME = AccentColor;
				CODE_SIGN_STYLE = Automatic;
				DEVELOPMENT_ASSET_PATHS = "\"HWS_100_SwiftUI_Project05_WordScramble/Preview Content\"";
				DEVELOPMENT_TEAM = 78E2YLMF54;
				ENABLE_PREVIEWS = YES;
				INFOPLIST_FILE = HWS_100_SwiftUI_Project05_WordScramble/Info.plist;
				IPHONEOS_DEPLOYMENT_TARGET = 14.0;
				LD_RUNPATH_SEARCH_PATHS = (
					"$(inherited)",
					"@executable_path/Frameworks",
				);
				PRODUCT_BUNDLE_IDENTIFIER = "com.stevenblythe.HWS-100-SwiftUI-Project05-WordScramble";
				PRODUCT_NAME = "$(TARGET_NAME)";
				SWIFT_VERSION = 5.0;
				TARGETED_DEVICE_FAMILY = "1,2";
			};
			name = Release;
		};
/* End XCBuildConfiguration section */

/* Begin XCConfigurationList section */
		493EB7D225BB67CF0030A1CD /* Build configuration list for PBXProject "HWS_100_SwiftUI_Project05_WordScramble" */ = {
			isa = XCConfigurationList;
			buildConfigurations = (
				493EB7E425BB67D30030A1CD /* Debug */,
				493EB7E525BB67D30030A1CD /* Release */,
			);
			defaultConfigurationIsVisible = 0;
			defaultConfigurationName = Release;
		};
		493EB7E625BB67D30030A1CD /* Build configuration list for PBXNativeTarget "HWS_100_SwiftUI_Project05_WordScramble" */ = {
			isa = XCConfigurationList;
			buildConfigurations = (
				493EB7E725BB67D30030A1CD /* Debug */,
				493EB7E825BB67D30030A1CD /* Release */,
			);
			defaultConfigurationIsVisible = 0;
			defaultConfigurationName = Release;
		};
/* End XCConfigurationList section */
	};
	rootObject = 493EB7CF25BB67CF0030A1CD /* Project object */;
}
