// !$*UTF8*$!
{
	archiveVersion = 1;
	classes = {
	};
	objectVersion = 50;
	objects = {

/* Begin PBXBuildFile section */
		499C968A25AA2157002C6E25 /* HWS_100_SwiftUI_Project02_GuessTheFlagApp.swift in Sources */ = {isa = PBXBuildFile; fileRef = 499C968925AA2157002C6E25 /* HWS_100_SwiftUI_Project02_GuessTheFlagApp.swift */; };
		499C968C25AA2157002C6E25 /* ContentView.swift in Sources */ = {isa = PBXBuildFile; fileRef = 499C968B25AA2157002C6E25 /* ContentView.swift */; };
		499C968E25AA215B002C6E25 /* Assets.xcassets in Resources */ = {isa = PBXBuildFile; fileRef = 499C968D25AA215B002C6E25 /* Assets.xcassets */; };
		499C969125AA215B002C6E25 /* Preview Assets.xcassets in Resources */ = {isa = PBXBuildFile; fileRef = 499C969025AA215B002C6E25 /* Preview Assets.xcassets */; };
/* End PBXBuildFile section */

/* Begin PBXFileReference section */
		499C968625AA2157002C6E25 /* HWS_100_SwiftUI_Project02_GuessTheFlag.app */ = {isa = PBXFileReference; explicitFileType = wrapper.application; includeInIndex = 0; path = HWS_100_SwiftUI_Project02_GuessTheFlag.app; sourceTree = BUILT_PRODUCTS_DIR; };
		499C968925AA2157002C6E25 /* HWS_100_SwiftUI_Project02_GuessTheFlagApp.swift */ = {isa = PBXFileReference; lastKnownFileType = sourcecode.swift; path = HWS_100_SwiftUI_Project02_GuessTheFlagApp.swift; sourceTree = "<group>"; };
		499C968B25AA2157002C6E25 /* ContentView.swift */ = {isa = PBXFileReference; lastKnownFileType = sourcecode.swift; path = ContentView.swift; sourceTree = "<group>"; };
		499C968D25AA215B002C6E25 /* Assets.xcassets */ = {isa = PBXFileReference; lastKnownFileType = folder.assetcatalog; path = Assets.xcassets; sourceTree = "<group>"; };
		499C969025AA215B002C6E25 /* Preview Assets.xcassets */ = {isa = PBXFileReference; lastKnownFileType = folder.assetcatalog; path = "Preview Assets.xcassets"; sourceTree = "<group>"; };
		499C969225AA215B002C6E25 /* Info.plist */ = {isa = PBXFileReference; lastKnownFileType = text.plist.xml; path = Info.plist; sourceTree = "<group>"; };
/* End PBXFileReference section */

/* Begin PBXFrameworksBuildPhase section */
		499C968325AA2157002C6E25 /* Frameworks */ = {
			isa = PBXFrameworksBuildPhase;
			buildActionMask = 2147483647;
			files = (
			);
			runOnlyForDeploymentPostprocessing = 0;
		};
/* End PBXFrameworksBuildPhase section */

/* Begin PBXGroup section */
		499C967D25AA2157002C6E25 = {
			isa = PBXGroup;
			children = (
				499C968825AA2157002C6E25 /* HWS_100_SwiftUI_Project02_GuessTheFlag */,
				499C968725AA2157002C6E25 /* Products */,
			);
			sourceTree = "<group>";
		};
		499C968725AA2157002C6E25 /* Products */ = {
			isa = PBXGroup;
			children = (
				499C968625AA2157002C6E25 /* HWS_100_SwiftUI_Project02_GuessTheFlag.app */,
			);
			name = Products;
			sourceTree = "<group>";
		};
		499C968825AA2157002C6E25 /* HWS_100_SwiftUI_Project02_GuessTheFlag */ = {
			isa = PBXGroup;
			children = (
				499C968925AA2157002C6E25 /* HWS_100_SwiftUI_Project02_GuessTheFlagApp.swift */,
				499C968B25AA2157002C6E25 /* ContentView.swift */,
				499C968D25AA215B002C6E25 /* Assets.xcassets */,
				499C969225AA215B002C6E25 /* Info.plist */,
				499C968F25AA215B002C6E25 /* Preview Content */,
			);
			path = HWS_100_SwiftUI_Project02_GuessTheFlag;
			sourceTree = "<group>";
		};
		499C968F25AA215B002C6E25 /* Preview Content */ = {
			isa = PBXGroup;
			children = (
				499C969025AA215B002C6E25 /* Preview Assets.xcassets */,
			);
			path = "Preview Content";
			sourceTree = "<group>";
		};
/* End PBXGroup section */

/* Begin PBXNativeTarget section */
		499C968525AA2157002C6E25 /* HWS_100_SwiftUI_Project02_GuessTheFlag */ = {
			isa = PBXNativeTarget;
			buildConfigurationList = 499C969525AA215B002C6E25 /* Build configuration list for PBXNativeTarget "HWS_100_SwiftUI_Project02_GuessTheFlag" */;
			buildPhases = (
				499C968225AA2157002C6E25 /* Sources */,
				499C968325AA2157002C6E25 /* Frameworks */,
				499C968425AA2157002C6E25 /* Resources */,
			);
			buildRules = (
			);
			dependencies = (
			);
			name = HWS_100_SwiftUI_Project02_GuessTheFlag;
			productName = HWS_100_SwiftUI_Project02_GuessTheFlag;
			productReference = 499C968625AA2157002C6E25 /* HWS_100_SwiftUI_Project02_GuessTheFlag.app */;
			productType = "com.apple.product-type.application";
		};
/* End PBXNativeTarget section */

/* Begin PBXProject section */
		499C967E25AA2157002C6E25 /* Project object */ = {
			isa = PBXProject;
			attributes = {
				LastSwiftUpdateCheck = 1230;
				LastUpgradeCheck = 1230;
				TargetAttributes = {
					499C968525AA2157002C6E25 = {
						CreatedOnToolsVersion = 12.3;
					};
				};
			};
			buildConfigurationList = 499C968125AA2157002C6E25 /* Build configuration list for PBXProject "HWS_100_SwiftUI_Project02_GuessTheFlag" */;
			compatibilityVersion = "Xcode 9.3";
			developmentRegion = en;
			hasScannedForEncodings = 0;
			knownRegions = (
				en,
				Base,
			);
			mainGroup = 499C967D25AA2157002C6E25;
			productRefGroup = 499C968725AA2157002C6E25 /* Products */;
			projectDirPath = "";
			projectRoot = "";
			targets = (
				499C968525AA2157002C6E25 /* HWS_100_SwiftUI_Project02_GuessTheFlag */,
			);
		};
/* End PBXProject section */

/* Begin PBXResourcesBuildPhase section */
		499C968425AA2157002C6E25 /* Resources */ = {
			isa = PBXResourcesBuildPhase;
			buildActionMask = 2147483647;
			files = (
				499C969125AA215B002C6E25 /* Preview Assets.xcassets in Resources */,
				499C968E25AA215B002C6E25 /* Assets.xcassets in Resources */,
			);
			runOnlyForDeploymentPostprocessing = 0;
		};
/* End PBXResourcesBuildPhase section */

/* Begin PBXSourcesBuildPhase section */
		499C968225AA2157002C6E25 /* Sources */ = {
			isa = PBXSourcesBuildPhase;
			buildActionMask = 2147483647;
			files = (
				499C968C25AA2157002C6E25 /* ContentView.swift in Sources */,
				499C968A25AA2157002C6E25 /* HWS_100_SwiftUI_Project02_GuessTheFlagApp.swift in Sources */,
			);
			runOnlyForDeploymentPostprocessing = 0;
		};
/* End PBXSourcesBuildPhase section */

/* Begin XCBuildConfiguration section */
		499C969325AA215B002C6E25 /* Debug */ = {
			isa = XCBuildConfiguration;
			buildSettings = {
				ALWAYS_SEARCH_USER_PATHS = NO;
				CLANG_ANALYZER_NONNULL = YES;
				CLANG_ANALYZER_NUMBER_OBJECT_CONVERSION = YES_AGGRESSIVE;
				CLANG_CXX_LANGUAGE_STANDARD = "gnu++14";
				CLANG_CXX_LIBRARY = "libc++";
				CLANG_ENABLE_MODULES = YES;
				CLANG_ENABLE_OBJC_ARC = YES;
				CLANG_ENABLE_OBJC_WEAK = YES;
				CLANG_WARN_BLOCK_CAPTURE_AUTORELEASING = YES;
				CLANG_WARN_BOOL_CONVERSION = YES;
				CLANG_WARN_COMMA = YES;
				CLANG_WARN_CONSTANT_CONVERSION = YES;
				CLANG_WARN_DEPRECATED_OBJC_IMPLEMENTATIONS = YES;
				CLANG_WARN_DIRECT_OBJC_ISA_USAGE = YES_ERROR;
				CLANG_WARN_DOCUMENTATION_COMMENTS = YES;
				CLANG_WARN_EMPTY_BODY = YES;
				CLANG_WARN_ENUM_CONVERSION = YES;
				CLANG_WARN_INFINITE_RECURSION = YES;
				CLANG_WARN_INT_CONVERSION = YES;
				CLANG_WARN_NON_LITERAL_NULL_CONVERSION = YES;
				CLANG_WARN_OBJC_IMPLICIT_RETAIN_SELF = YES;
				CLANG_WARN_OBJC_LITERAL_CONVERSION = YES;
				CLANG_WARN_OBJC_ROOT_CLASS = YES_ERROR;
				CLANG_WARN_QUOTED_INCLUDE_IN_FRAMEWORK_HEADER = YES;
				CLANG_WARN_RANGE_LOOP_ANALYSIS = YES;
				CLANG_WARN_STRICT_PROTOTYPES = YES;
				CLANG_WARN_SUSPICIOUS_MOVE = YES;
				CLANG_WARN_UNGUARDED_AVAILABILITY = YES_AGGRESSIVE;
				CLANG_WARN_UNREACHABLE_CODE = YES;
				CLANG_WARN__DUPLICATE_METHOD_MATCH = YES;
				COPY_PHASE_STRIP = NO;
				DEBUG_INFORMATION_FORMAT = dwarf;
				ENABLE_STRICT_OBJC_MSGSEND = YES;
				ENABLE_TESTABILITY = YES;
				GCC_C_LANGUAGE_STANDARD = gnu11;
				GCC_DYNAMIC_NO_PIC = NO;
				GCC_NO_COMMON_BLOCKS = YES;
				GCC_OPTIMIZATION_LEVEL = 0;
				GCC_PREPROCESSOR_DEFINITIONS = (
					"DEBUG=1",
					"$(inherited)",
				);
				GCC_WARN_64_TO_32_BIT_CONVERSION = YES;
				GCC_WARN_ABOUT_RETURN_TYPE = YES_ERROR;
				GCC_WARN_UNDECLARED_SELECTOR = YES;
				GCC_WARN_UNINITIALIZED_AUTOS = YES_AGGRESSIVE;
				GCC_WARN_UNUSED_FUNCTION = YES;
				GCC_WARN_UNUSED_VARIABLE = YES;
				IPHONEOS_DEPLOYMENT_TARGET = 14.3;
				MTL_ENABLE_DEBUG_INFO = INCLUDE_SOURCE;
				MTL_FAST_MATH = YES;
				ONLY_ACTIVE_ARCH = YES;
				SDKROOT = iphoneos;
				SWIFT_ACTIVE_COMPILATION_CONDITIONS = DEBUG;
				SWIFT_OPTIMIZATION_LEVEL = "-Onone";
			};
			name = Debug;
		};
		499C969425AA215B002C6E25 /* Release */ = {
			isa = XCBuildConfiguration;
			buildSettings = {
				ALWAYS_SEARCH_USER_PATHS = NO;
				CLANG_ANALYZER_NONNULL = YES;
				CLANG_ANALYZER_NUMBER_OBJECT_CONVERSION = YES_AGGRESSIVE;
				CLANG_CXX_LANGUAGE_STANDARD = "gnu++14";
				CLANG_CXX_LIBRARY = "libc++";
				CLANG_ENABLE_MODULES = YES;
				CLANG_ENABLE_OBJC_ARC = YES;
				CLANG_ENABLE_OBJC_WEAK = YES;
				CLANG_WARN_BLOCK_CAPTURE_AUTORELEASING = YES;
				CLANG_WARN_BOOL_CONVERSION = YES;
				CLANG_WARN_COMMA = YES;
				CLANG_WARN_CONSTANT_CONVERSION = YES;
				CLANG_WARN_DEPRECATED_OBJC_IMPLEMENTATIONS = YES;
				CLANG_WARN_DIRECT_OBJC_ISA_USAGE = YES_ERROR;
				CLANG_WARN_DOCUMENTATION_COMMENTS = YES;
				CLANG_WARN_EMPTY_BODY = YES;
				CLANG_WARN_ENUM_CONVERSION = YES;
				CLANG_WARN_INFINITE_RECURSION = YES;
				CLANG_WARN_INT_CONVERSION = YES;
				CLANG_WARN_NON_LITERAL_NULL_CONVERSION = YES;
				CLANG_WARN_OBJC_IMPLICIT_RETAIN_SELF = YES;
				CLANG_WARN_OBJC_LITERAL_CONVERSION = YES;
				CLANG_WARN_OBJC_ROOT_CLASS = YES_ERROR;
				CLANG_WARN_QUOTED_INCLUDE_IN_FRAMEWORK_HEADER = YES;
				CLANG_WARN_RANGE_LOOP_ANALYSIS = YES;
				CLANG_WARN_STRICT_PROTOTYPES = YES;
				CLANG_WARN_SUSPICIOUS_MOVE = YES;
				CLANG_WARN_UNGUARDED_AVAILABILITY = YES_AGGRESSIVE;
				CLANG_WARN_UNREACHABLE_CODE = YES;
				CLANG_WARN__DUPLICATE_METHOD_MATCH = YES;
				COPY_PHASE_STRIP = NO;
				DEBUG_INFORMATION_FORMAT = "dwarf-with-dsym";
				ENABLE_NS_ASSERTIONS = NO;
				ENABLE_STRICT_OBJC_MSGSEND = YES;
				GCC_C_LANGUAGE_STANDARD = gnu11;
				GCC_NO_COMMON_BLOCKS = YES;
				GCC_WARN_64_TO_32_BIT_CONVERSION = YES;
				GCC_WARN_ABOUT_RETURN_TYPE = YES_ERROR;
				GCC_WARN_UNDECLARED_SELECTOR = YES;
				GCC_WARN_UNINITIALIZED_AUTOS = YES_AGGRESSIVE;
				GCC_WARN_UNUSED_FUNCTION = YES;
				GCC_WARN_UNUSED_VARIABLE = YES;
				IPHONEOS_DEPLOYMENT_TARGET = 14.3;
				MTL_ENABLE_DEBUG_INFO = NO;
				MTL_FAST_MATH = YES;
				SDKROOT = iphoneos;
				SWIFT_COMPILATION_MODE = wholemodule;
				SWIFT_OPTIMIZATION_LEVEL = "-O";
				VALIDATE_PRODUCT = YES;
			};
			name = Release;
		};
		499C969625AA215B002C6E25 /* Debug */ = {
			isa = XCBuildConfiguration;
			buildSettings = {
				ASSETCATALOG_COMPILER_APPICON_NAME = AppIcon;
				ASSETCATALOG_COMPILER_GLOBAL_ACCENT_COLOR_NAME = AccentColor;
				CODE_SIGN_STYLE = Automatic;
				DEVELOPMENT_ASSET_PATHS = "\"HWS_100_SwiftUI_Project02_GuessTheFlag/Preview Content\"";
				DEVELOPMENT_TEAM = 78E2YLMF54;
				ENABLE_PREVIEWS = YES;
				INFOPLIST_FILE = HWS_100_SwiftUI_Project02_GuessTheFlag/Info.plist;
				IPHONEOS_DEPLOYMENT_TARGET = 14.0;
				LD_RUNPATH_SEARCH_PATHS = (
					"$(inherited)",
					"@executable_path/Frameworks",
				);
				PRODUCT_BUNDLE_IDENTIFIER = "com.stevenblythe.HWS-100-SwiftUI-Project02-GuessTheFlag";
				PRODUCT_NAME = "$(TARGET_NAME)";
				SWIFT_VERSION = 5.0;
				TARGETED_DEVICE_FAMILY = "1,2";
			};
			name = Debug;
		};
		499C969725AA215B002C6E25 /* Release */ = {
			isa = XCBuildConfiguration;
			buildSettings = {
				ASSETCATALOG_COMPILER_APPICON_NAME = AppIcon;
				ASSETCATALOG_COMPILER_GLOBAL_ACCENT_COLOR_NAME = AccentColor;
				CODE_SIGN_STYLE = Automatic;
				DEVELOPMENT_ASSET_PATHS = "\"HWS_100_SwiftUI_Project02_GuessTheFlag/Preview Content\"";
				DEVELOPMENT_TEAM = 78E2YLMF54;
				ENABLE_PREVIEWS = YES;
				INFOPLIST_FILE = HWS_100_SwiftUI_Project02_GuessTheFlag/Info.plist;
				IPHONEOS_DEPLOYMENT_TARGET = 14.0;
				LD_RUNPATH_SEARCH_PATHS = (
					"$(inherited)",
					"@executable_path/Frameworks",
				);
				PRODUCT_BUNDLE_IDENTIFIER = "com.stevenblythe.HWS-100-SwiftUI-Project02-GuessTheFlag";
				PRODUCT_NAME = "$(TARGET_NAME)";
				SWIFT_VERSION = 5.0;
				TARGETED_DEVICE_FAMILY = "1,2";
			};
			name = Release;
		};
/* End XCBuildConfiguration section */

/* Begin XCConfigurationList section */
		499C968125AA2157002C6E25 /* Build configuration list for PBXProject "HWS_100_SwiftUI_Project02_GuessTheFlag" */ = {
			isa = XCConfigurationList;
			buildConfigurations = (
				499C969325AA215B002C6E25 /* Debug */,
				499C969425AA215B002C6E25 /* Release */,
			);
			defaultConfigurationIsVisible = 0;
			defaultConfigurationName = Release;
		};
		499C969525AA215B002C6E25 /* Build configuration list for PBXNativeTarget "HWS_100_SwiftUI_Project02_GuessTheFlag" */ = {
			isa = XCConfigurationList;
			buildConfigurations = (
				499C969625AA215B002C6E25 /* Debug */,
				499C969725AA215B002C6E25 /* Release */,
			);
			defaultConfigurationIsVisible = 0;
			defaultConfigurationName = Release;
		};
/* End XCConfigurationList section */
	};
	rootObject = 499C967E25AA2157002C6E25 /* Project object */;
}
